
Microsoft Visual Studio Solution File, Format Version 12.00
# Visual Studio Version 17
VisualStudioVersion = 17.10.35013.160
MinimumVisualStudioVersion = 10.0.40219.1
Project("{FAE04EC0-301F-11D3-BF4B-00C04F79EFBC}") = "EnnumPOC", "EnnumPOC.csproj", "{AD3AE577-4E44-4909-9B28-ECEEBB1A277E}"
EndProject
Global
	GlobalSection(SolutionConfigurationPlatforms) = preSolution
		Debug|Any CPU = Debug|Any CPU
		Release|Any CPU = Release|Any CPU
	EndGlobalSection
	GlobalSection(ProjectConfigurationPlatforms) = postSolution
		{AD3AE577-4E44-4909-9B28-ECEEBB1A277E}.Debug|Any CPU.ActiveCfg = Debug|Any CPU
		{AD3AE577-4E44-4909-9B28-ECEEBB1A277E}.Debug|Any CPU.Build.0 = Debug|Any CPU
		{AD3AE577-4E44-4909-9B28-ECEEBB1A277E}.Release|Any CPU.ActiveCfg = Release|Any CPU
		{AD3AE577-4E44-4909-9B28-ECEEBB1A277E}.Release|Any CPU.Build.0 = Release|Any CPU
	EndGlobalSection
	GlobalSection(SolutionProperties) = preSolution
		HideSolutionNode = FALSE
	EndGlobalSection
	GlobalSection(ExtensibilityGlobals) = postSolution
		SolutionGuid = {609F5922-AB4E-4835-9406-F6FBD92E1AC4}
	EndGlobalSection
EndGlobal
